// !$*UTF8*$!
{
	archiveVersion = 1;
	classes = {
	};
	objectVersion = 50;
	objects = {

/* Begin PBXBuildFile section */
		115067E829D626DB0083BC3D /* AppDelegate.swift in Sources */ = {isa = PBXBuildFile; fileRef = 115067E729D626DB0083BC3D /* AppDelegate.swift */; };
		115067EA29D626DB0083BC3D /* SceneDelegate.swift in Sources */ = {isa = PBXBuildFile; fileRef = 115067E929D626DB0083BC3D /* SceneDelegate.swift */; };
		115067EC29D626DB0083BC3D /* ViewController.swift in Sources */ = {isa = PBXBuildFile; fileRef = 115067EB29D626DB0083BC3D /* ViewController.swift */; };
		115067EF29D626DB0083BC3D /* Main.storyboard in Resources */ = {isa = PBXBuildFile; fileRef = 115067ED29D626DB0083BC3D /* Main.storyboard */; };
		115067F129D626E40083BC3D /* Assets.xcassets in Resources */ = {isa = PBXBuildFile; fileRef = 115067F029D626E40083BC3D /* Assets.xcassets */; };
		115067F429D626E40083BC3D /* LaunchScreen.storyboard in Resources */ = {isa = PBXBuildFile; fileRef = 115067F229D626E40083BC3D /* LaunchScreen.storyboard */; };
		1150680529D627D20083BC3D /* RGBView.swift in Sources */ = {isa = PBXBuildFile; fileRef = 1150680429D627D20083BC3D /* RGBView.swift */; };
/* End PBXBuildFile section */

/* Begin PBXFileReference section */
		115067E429D626DB0083BC3D /* Challenge 2-3.app */ = {isa = PBXFileReference; explicitFileType = wrapper.application; includeInIndex = 0; path = "Challenge 2-3.app"; sourceTree = BUILT_PRODUCTS_DIR; };
		115067E729D626DB0083BC3D /* AppDelegate.swift */ = {isa = PBXFileReference; lastKnownFileType = sourcecode.swift; path = AppDelegate.swift; sourceTree = "<group>"; };
		115067E929D626DB0083BC3D /* SceneDelegate.swift */ = {isa = PBXFileReference; lastKnownFileType = sourcecode.swift; path = SceneDelegate.swift; sourceTree = "<group>"; };
		115067EB29D626DB0083BC3D /* ViewController.swift */ = {isa = PBXFileReference; lastKnownFileType = sourcecode.swift; path = ViewController.swift; sourceTree = "<group>"; };
		115067EE29D626DB0083BC3D /* Base */ = {isa = PBXFileReference; lastKnownFileType = file.storyboard; name = Base; path = Base.lproj/Main.storyboard; sourceTree = "<group>"; };
		115067F029D626E40083BC3D /* Assets.xcassets */ = {isa = PBXFileReference; lastKnownFileType = folder.assetcatalog; path = Assets.xcassets; sourceTree = "<group>"; };
		115067F329D626E40083BC3D /* Base */ = {isa = PBXFileReference; lastKnownFileType = file.storyboard; name = Base; path = Base.lproj/LaunchScreen.storyboard; sourceTree = "<group>"; };
		115067F529D626E40083BC3D /* Info.plist */ = {isa = PBXFileReference; lastKnownFileType = text.plist.xml; path = Info.plist; sourceTree = "<group>"; };
		1150680429D627D20083BC3D /* RGBView.swift */ = {isa = PBXFileReference; lastKnownFileType = sourcecode.swift; name = RGBView.swift; path = "Challenge 2-3/RGBView.swift"; sourceTree = "<group>"; };
/* End PBXFileReference section */

/* Begin PBXFrameworksBuildPhase section */
		115067E129D626DB0083BC3D /* Frameworks */ = {
			isa = PBXFrameworksBuildPhase;
			buildActionMask = 2147483647;
			files = (
			);
			runOnlyForDeploymentPostprocessing = 0;
		};
/* End PBXFrameworksBuildPhase section */

/* Begin PBXGroup section */
		115067DB29D626DB0083BC3D = {
			isa = PBXGroup;
			children = (
				1150680429D627D20083BC3D /* RGBView.swift */,
				115067E629D626DB0083BC3D /* Challenge 2-3 */,
				115067E529D626DB0083BC3D /* Products */,
			);
			sourceTree = "<group>";
		};
		115067E529D626DB0083BC3D /* Products */ = {
			isa = PBXGroup;
			children = (
				115067E429D626DB0083BC3D /* Challenge 2-3.app */,
			);
			name = Products;
			sourceTree = "<group>";
		};
		115067E629D626DB0083BC3D /* Challenge 2-3 */ = {
			isa = PBXGroup;
			children = (
				115067E729D626DB0083BC3D /* AppDelegate.swift */,
				115067E929D626DB0083BC3D /* SceneDelegate.swift */,
				115067EB29D626DB0083BC3D /* ViewController.swift */,
				115067ED29D626DB0083BC3D /* Main.storyboard */,
				115067F029D626E40083BC3D /* Assets.xcassets */,
				115067F229D626E40083BC3D /* LaunchScreen.storyboard */,
				115067F529D626E40083BC3D /* Info.plist */,
			);
			path = "Challenge 2-3";
			sourceTree = "<group>";
		};
/* End PBXGroup section */

/* Begin PBXNativeTarget section */
		115067E329D626DB0083BC3D /* Challenge 2-3 */ = {
			isa = PBXNativeTarget;
			buildConfigurationList = 115067F829D626E40083BC3D /* Build configuration list for PBXNativeTarget "Challenge 2-3" */;
			buildPhases = (
				115067E029D626DB0083BC3D /* Sources */,
				115067E129D626DB0083BC3D /* Frameworks */,
				115067E229D626DB0083BC3D /* Resources */,
			);
			buildRules = (
			);
			dependencies = (
			);
			name = "Challenge 2-3";
			productName = "Challenge 2-3";
			productReference = 115067E429D626DB0083BC3D /* Challenge 2-3.app */;
			productType = "com.apple.product-type.application";
		};
/* End PBXNativeTarget section */

/* Begin PBXProject section */
		115067DC29D626DB0083BC3D /* Project object */ = {
			isa = PBXProject;
			attributes = {
				LastSwiftUpdateCheck = 1240;
				LastUpgradeCheck = 1240;
				TargetAttributes = {
					115067E329D626DB0083BC3D = {
						CreatedOnToolsVersion = 12.4;
					};
				};
			};
			buildConfigurationList = 115067DF29D626DB0083BC3D /* Build configuration list for PBXProject "Challenge 2-3" */;
			compatibilityVersion = "Xcode 9.3";
			developmentRegion = en;
			hasScannedForEncodings = 0;
			knownRegions = (
				en,
				Base,
			);
			mainGroup = 115067DB29D626DB0083BC3D;
			productRefGroup = 115067E529D626DB0083BC3D /* Products */;
			projectDirPath = "";
			projectRoot = "";
			targets = (
				115067E329D626DB0083BC3D /* Challenge 2-3 */,
			);
		};
/* End PBXProject section */

/* Begin PBXResourcesBuildPhase section */
		115067E229D626DB0083BC3D /* Resources */ = {
			isa = PBXResourcesBuildPhase;
			buildActionMask = 2147483647;
			files = (
				115067F429D626E40083BC3D /* LaunchScreen.storyboard in Resources */,
				115067F129D626E40083BC3D /* Assets.xcassets in Resources */,
				115067EF29D626DB0083BC3D /* Main.storyboard in Resources */,
			);
			runOnlyForDeploymentPostprocessing = 0;
		};
/* End PBXResourcesBuildPhase section */

/* Begin PBXSourcesBuildPhase section */
		115067E029D626DB0083BC3D /* Sources */ = {
			isa = PBXSourcesBuildPhase;
			buildActionMask = 2147483647;
			files = (
				115067EC29D626DB0083BC3D /* ViewController.swift in Sources */,
				115067E829D626DB0083BC3D /* AppDelegate.swift in Sources */,
				1150680529D627D20083BC3D /* RGBView.swift in Sources */,
				115067EA29D626DB0083BC3D /* SceneDelegate.swift in Sources */,
			);
			runOnlyForDeploymentPostprocessing = 0;
		};
/* End PBXSourcesBuildPhase section */

/* Begin PBXVariantGroup section */
		115067ED29D626DB0083BC3D /* Main.storyboard */ = {
			isa = PBXVariantGroup;
			children = (
				115067EE29D626DB0083BC3D /* Base */,
			);
			name = Main.storyboard;
			sourceTree = "<group>";
		};
		115067F229D626E40083BC3D /* LaunchScreen.storyboard */ = {
			isa = PBXVariantGroup;
			children = (
				115067F329D626E40083BC3D /* Base */,
			);
			name = LaunchScreen.storyboard;
			sourceTree = "<group>";
		};
/* End PBXVariantGroup section */

/* Begin XCBuildConfiguration section */
		115067F629D626E40083BC3D /* Debug */ = {
			isa = XCBuildConfiguration;
			buildSettings = {
				ALWAYS_SEARCH_USER_PATHS = NO;
				CLANG_ANALYZER_NONNULL = YES;
				CLANG_ANALYZER_NUMBER_OBJECT_CONVERSION = YES_AGGRESSIVE;
				CLANG_CXX_LANGUAGE_STANDARD = "gnu++14";
				CLANG_CXX_LIBRARY = "libc++";
				CLANG_ENABLE_MODULES = YES;
				CLANG_ENABLE_OBJC_ARC = YES;
				CLANG_ENABLE_OBJC_WEAK = YES;
				CLANG_WARN_BLOCK_CAPTURE_AUTORELEASING = YES;
				CLANG_WARN_BOOL_CONVERSION = YES;
				CLANG_WARN_COMMA = YES;
				CLANG_WARN_CONSTANT_CONVERSION = YES;
				CLANG_WARN_DEPRECATED_OBJC_IMPLEMENTATIONS = YES;
				CLANG_WARN_DIRECT_OBJC_ISA_USAGE = YES_ERROR;
				CLANG_WARN_DOCUMENTATION_COMMENTS = YES;
				CLANG_WARN_EMPTY_BODY = YES;
				CLANG_WARN_ENUM_CONVERSION = YES;
				CLANG_WARN_INFINITE_RECURSION = YES;
				CLANG_WARN_INT_CONVERSION = YES;
				CLANG_WARN_NON_LITERAL_NULL_CONVERSION = YES;
				CLANG_WARN_OBJC_IMPLICIT_RETAIN_SELF = YES;
				CLANG_WARN_OBJC_LITERAL_CONVERSION = YES;
				CLANG_WARN_OBJC_ROOT_CLASS = YES_ERROR;
				CLANG_WARN_QUOTED_INCLUDE_IN_FRAMEWORK_HEADER = YES;
				CLANG_WARN_RANGE_LOOP_ANALYSIS = YES;
				CLANG_WARN_STRICT_PROTOTYPES = YES;
				CLANG_WARN_SUSPICIOUS_MOVE = YES;
				CLANG_WARN_UNGUARDED_AVAILABILITY = YES_AGGRESSIVE;
				CLANG_WARN_UNREACHABLE_CODE = YES;
				CLANG_WARN__DUPLICATE_METHOD_MATCH = YES;
				COPY_PHASE_STRIP = NO;
				DEBUG_INFORMATION_FORMAT = dwarf;
				ENABLE_STRICT_OBJC_MSGSEND = YES;
				ENABLE_TESTABILITY = YES;
				GCC_C_LANGUAGE_STANDARD = gnu11;
				GCC_DYNAMIC_NO_PIC = NO;
				GCC_NO_COMMON_BLOCKS = YES;
				GCC_OPTIMIZATION_LEVEL = 0;
				GCC_PREPROCESSOR_DEFINITIONS = (
					"DEBUG=1",
					"$(inherited)",
				);
				GCC_WARN_64_TO_32_BIT_CONVERSION = YES;
				GCC_WARN_ABOUT_RETURN_TYPE = YES_ERROR;
				GCC_WARN_UNDECLARED_SELECTOR = YES;
				GCC_WARN_UNINITIALIZED_AUTOS = YES_AGGRESSIVE;
				GCC_WARN_UNUSED_FUNCTION = YES;
				GCC_WARN_UNUSED_VARIABLE = YES;
				IPHONEOS_DEPLOYMENT_TARGET = 14.4;
				MTL_ENABLE_DEBUG_INFO = INCLUDE_SOURCE;
				MTL_FAST_MATH = YES;
				ONLY_ACTIVE_ARCH = YES;
				SDKROOT = iphoneos;
				SWIFT_ACTIVE_COMPILATION_CONDITIONS = DEBUG;
				SWIFT_OPTIMIZATION_LEVEL = "-Onone";
			};
			name = Debug;
		};
		115067F729D626E40083BC3D /* Release */ = {
			isa = XCBuildConfiguration;
			buildSettings = {
				ALWAYS_SEARCH_USER_PATHS = NO;
				CLANG_ANALYZER_NONNULL = YES;
				CLANG_ANALYZER_NUMBER_OBJECT_CONVERSION = YES_AGGRESSIVE;
				CLANG_CXX_LANGUAGE_STANDARD = "gnu++14";
				CLANG_CXX_LIBRARY = "libc++";
				CLANG_ENABLE_MODULES = YES;
				CLANG_ENABLE_OBJC_ARC = YES;
				CLANG_ENABLE_OBJC_WEAK = YES;
				CLANG_WARN_BLOCK_CAPTURE_AUTORELEASING = YES;
				CLANG_WARN_BOOL_CONVERSION = YES;
				CLANG_WARN_COMMA = YES;
				CLANG_WARN_CONSTANT_CONVERSION = YES;
				CLANG_WARN_DEPRECATED_OBJC_IMPLEMENTATIONS = YES;
				CLANG_WARN_DIRECT_OBJC_ISA_USAGE = YES_ERROR;
				CLANG_WARN_DOCUMENTATION_COMMENTS = YES;
				CLANG_WARN_EMPTY_BODY = YES;
				CLANG_WARN_ENUM_CONVERSION = YES;
				CLANG_WARN_INFINITE_RECURSION = YES;
				CLANG_WARN_INT_CONVERSION = YES;
				CLANG_WARN_NON_LITERAL_NULL_CONVERSION = YES;
				CLANG_WARN_OBJC_IMPLICIT_RETAIN_SELF = YES;
				CLANG_WARN_OBJC_LITERAL_CONVERSION = YES;
				CLANG_WARN_OBJC_ROOT_CLASS = YES_ERROR;
				CLANG_WARN_QUOTED_INCLUDE_IN_FRAMEWORK_HEADER = YES;
				CLANG_WARN_RANGE_LOOP_ANALYSIS = YES;
				CLANG_WARN_STRICT_PROTOTYPES = YES;
				CLANG_WARN_SUSPICIOUS_MOVE = YES;
				CLANG_WARN_UNGUARDED_AVAILABILITY = YES_AGGRESSIVE;
				CLANG_WARN_UNREACHABLE_CODE = YES;
				CLANG_WARN__DUPLICATE_METHOD_MATCH = YES;
				COPY_PHASE_STRIP = NO;
				DEBUG_INFORMATION_FORMAT = "dwarf-with-dsym";
				ENABLE_NS_ASSERTIONS = NO;
				ENABLE_STRICT_OBJC_MSGSEND = YES;
				GCC_C_LANGUAGE_STANDARD = gnu11;
				GCC_NO_COMMON_BLOCKS = YES;
				GCC_WARN_64_TO_32_BIT_CONVERSION = YES;
				GCC_WARN_ABOUT_RETURN_TYPE = YES_ERROR;
				GCC_WARN_UNDECLARED_SELECTOR = YES;
				GCC_WARN_UNINITIALIZED_AUTOS = YES_AGGRESSIVE;
				GCC_WARN_UNUSED_FUNCTION = YES;
				GCC_WARN_UNUSED_VARIABLE = YES;
				IPHONEOS_DEPLOYMENT_TARGET = 14.4;
				MTL_ENABLE_DEBUG_INFO = NO;
				MTL_FAST_MATH = YES;
				SDKROOT = iphoneos;
				SWIFT_COMPILATION_MODE = wholemodule;
				SWIFT_OPTIMIZATION_LEVEL = "-O";
				VALIDATE_PRODUCT = YES;
			};
			name = Release;
		};
		115067F929D626E40083BC3D /* Debug */ = {
			isa = XCBuildConfiguration;
			buildSettings = {
				ASSETCATALOG_COMPILER_APPICON_NAME = AppIcon;
				ASSETCATALOG_COMPILER_GLOBAL_ACCENT_COLOR_NAME = AccentColor;
				CODE_SIGN_STYLE = Automatic;
				INFOPLIST_FILE = "Challenge 2-3/Info.plist";
				LD_RUNPATH_SEARCH_PATHS = (
					"$(inherited)",
					"@executable_path/Frameworks",
				);
				PRODUCT_BUNDLE_IDENTIFIER = "Playgroung.Challenge-2-3";
				PRODUCT_NAME = "$(TARGET_NAME)";
				SWIFT_VERSION = 5.0;
				TARGETED_DEVICE_FAMILY = "1,2";
			};
			name = Debug;
		};
		115067FA29D626E40083BC3D /* Release */ = {
			isa = XCBuildConfiguration;
			buildSettings = {
				ASSETCATALOG_COMPILER_APPICON_NAME = AppIcon;
				ASSETCATALOG_COMPILER_GLOBAL_ACCENT_COLOR_NAME = AccentColor;
				CODE_SIGN_STYLE = Automatic;
				INFOPLIST_FILE = "Challenge 2-3/Info.plist";
				LD_RUNPATH_SEARCH_PATHS = (
					"$(inherited)",
					"@executable_path/Frameworks",
				);
				PRODUCT_BUNDLE_IDENTIFIER = "Playgroung.Challenge-2-3";
				PRODUCT_NAME = "$(TARGET_NAME)";
				SWIFT_VERSION = 5.0;
				TARGETED_DEVICE_FAMILY = "1,2";
			};
			name = Release;
		};
/* End XCBuildConfiguration section */

/* Begin XCConfigurationList section */
		115067DF29D626DB0083BC3D /* Build configuration list for PBXProject "Challenge 2-3" */ = {
			isa = XCConfigurationList;
			buildConfigurations = (
				115067F629D626E40083BC3D /* Debug */,
				115067F729D626E40083BC3D /* Release */,
			);
			defaultConfigurationIsVisible = 0;
			defaultConfigurationName = Release;
		};
		115067F829D626E40083BC3D /* Build configuration list for PBXNativeTarget "Challenge 2-3" */ = {
			isa = XCConfigurationList;
			buildConfigurations = (
				115067F929D626E40083BC3D /* Debug */,
				115067FA29D626E40083BC3D /* Release */,
			);
			defaultConfigurationIsVisible = 0;
			defaultConfigurationName = Release;
		};
/* End XCConfigurationList section */
	};
	rootObject = 115067DC29D626DB0083BC3D /* Project object */;
}
